annotated-doc==0.0.5
anyio==4.15.1
certifi==2026.7.22
h11==0.16.0
httpcore==1.0.9
httpx==0.28.1
idna==3.20
iniconfig==2.3.0
linkify-it-py==2.2.0
markdown-it-py==4.2.0
mdit-py-plugins==0.6.1
mdurl==0.1.2
packaging==26.3
platformdirs==4.12.3
pluggy==1.6.0
Pygments==2.21.0
pytest==9.1.1
rich==14.3.4
ruff==0.16.10
shellingham==1.5.4
textual==6.12.0
tree-sitter==0.25.2
tree-sitter-python==0.25.0
typer==0.27.2
typing_extensions==4.16.0
